
Microsoft Visual Studio Solution File, Format Version 12.00
# Visual Studio Version 17
VisualStudioVersion = 17.13.35828.75
MinimumVisualStudioVersion = 10.0.40219.1
Project("{FAE04EC0-301F-11D3-BF4B-00C04F79EFBC}") = "ClinicAppointment", "ClinicAppointment.csproj", "{AD5FCE4A-2A15-468E-BC97-B7D6E9C32245}"
EndProject
Global
	GlobalSection(SolutionConfigurationPlatforms) = preSolution
		Debug|Any CPU = Debug|Any CPU
		Release|Any CPU = Release|Any CPU
	EndGlobalSection
	GlobalSection(ProjectConfigurationPlatforms) = postSolution
		{AD5FCE4A-2A15-468E-BC97-B7D6E9C32245}.Debug|Any CPU.ActiveCfg = Debug|Any CPU
		{AD5FCE4A-2A15-468E-BC97-B7D6E9C32245}.Debug|Any CPU.Build.0 = Debug|Any CPU
		{AD5FCE4A-2A15-468E-BC97-B7D6E9C32245}.Release|Any CPU.ActiveCfg = Release|Any CPU
		{AD5FCE4A-2A15-468E-BC97-B7D6E9C32245}.Release|Any CPU.Build.0 = Release|Any CPU
	EndGlobalSection
	GlobalSection(SolutionProperties) = preSolution
		HideSolutionNode = FALSE
	EndGlobalSection
	GlobalSection(ExtensibilityGlobals) = postSolution
		SolutionGuid = {BFA42430-4501-494D-9B27-91EACAB8FD5F}
	EndGlobalSection
EndGlobal
